
Microsoft Visual Studio Solution File, Format Version 12.00
# Visual Studio Version 16
VisualStudioVersion = 25.0.1706.9
MinimumVisualStudioVersion = 10.0.40219.1
Project("{FAE04EC0-301F-11D3-BF4B-00C04F79EFBC}") = "ASP_NET_WorkDB", "ASP_NET_WorkDB.csproj", "{6FC5FD64-45B8-42EC-AC20-A8B1D75049D3}"
EndProject
Project("{FAE04EC0-301F-11D3-BF4B-00C04F79EFBC}") = "ASP_NET_ModelValidation_FileUpload", "..\ASP_NET_ModelValidation_FileUpload\ASP_NET_ModelValidation_FileUpload.csproj", "{49865548-D2F6-4C52-A662-4AF4A172A9BC}"
EndProject
Global
	GlobalSection(SolutionConfigurationPlatforms) = preSolution
		Debug|Any CPU = Debug|Any CPU
		Release|Any CPU = Release|Any CPU
	EndGlobalSection
	GlobalSection(ProjectConfigurationPlatforms) = postSolution
		{6FC5FD64-45B8-42EC-AC20-A8B1D75049D3}.Debug|Any CPU.ActiveCfg = Debug|Any CPU
		{6FC5FD64-45B8-42EC-AC20-A8B1D75049D3}.Debug|Any CPU.Build.0 = Debug|Any CPU
		{6FC5FD64-45B8-42EC-AC20-A8B1D75049D3}.Release|Any CPU.ActiveCfg = Release|Any CPU
		{6FC5FD64-45B8-42EC-AC20-A8B1D75049D3}.Release|Any CPU.Build.0 = Release|Any CPU
		{49865548-D2F6-4C52-A662-4AF4A172A9BC}.Debug|Any CPU.ActiveCfg = Debug|Any CPU
		{49865548-D2F6-4C52-A662-4AF4A172A9BC}.Debug|Any CPU.Build.0 = Debug|Any CPU
		{49865548-D2F6-4C52-A662-4AF4A172A9BC}.Release|Any CPU.ActiveCfg = Release|Any CPU
		{49865548-D2F6-4C52-A662-4AF4A172A9BC}.Release|Any CPU.Build.0 = Release|Any CPU
	EndGlobalSection
	GlobalSection(SolutionProperties) = preSolution
		HideSolutionNode = FALSE
	EndGlobalSection
	GlobalSection(ExtensibilityGlobals) = postSolution
		SolutionGuid = {E19F3653-1475-4B18-9169-26281C31FA32}
	EndGlobalSection
EndGlobal
